// !$*UTF8*$!
{
	archiveVersion = 1;
	classes = {
	};
	objectVersion = 56;
	objects = {

/* Begin PBXBuildFile section */
		2F934F952A94DD11007B7E2F /* AppsView.swift in Sources */ = {isa = PBXBuildFile; fileRef = 2F934F942A94DD11007B7E2F /* AppsView.swift */; };
		2F934F972A94DD22007B7E2F /* NewFolderModal.swift in Sources */ = {isa = PBXBuildFile; fileRef = 2F934F962A94DD22007B7E2F /* NewFolderModal.swift */; };
		2F934F992A94DD31007B7E2F /* AppsModal.swift in Sources */ = {isa = PBXBuildFile; fileRef = 2F934F982A94DD31007B7E2F /* AppsModal.swift */; };
		2F934F9B2A94DFB3007B7E2F /* DataController.swift in Sources */ = {isa = PBXBuildFile; fileRef = 2F934F9A2A94DFB3007B7E2F /* DataController.swift */; };
		2FB62E852A976A0A0086CF12 /* ProjectModel.swift in Sources */ = {isa = PBXBuildFile; fileRef = 2FB62E842A976A0A0086CF12 /* ProjectModel.swift */; };
		2FB62E872A976A680086CF12 /* ProjectViewModel.swift in Sources */ = {isa = PBXBuildFile; fileRef = 2FB62E862A976A680086CF12 /* ProjectViewModel.swift */; };
		2FB62E892A976FE30086CF12 /* ProjectDetailView.swift in Sources */ = {isa = PBXBuildFile; fileRef = 2FB62E882A976FE30086CF12 /* ProjectDetailView.swift */; };
		C569F1A62A93E3EF0011A00D /* CoreDataAndAPIApp.swift in Sources */ = {isa = PBXBuildFile; fileRef = C569F1A52A93E3EF0011A00D /* CoreDataAndAPIApp.swift */; };
		C569F1A82A93E3EF0011A00D /* ContentView.swift in Sources */ = {isa = PBXBuildFile; fileRef = C569F1A72A93E3EF0011A00D /* ContentView.swift */; };
		C569F1AA2A93E3F00011A00D /* Assets.xcassets in Resources */ = {isa = PBXBuildFile; fileRef = C569F1A92A93E3F00011A00D /* Assets.xcassets */; };
		C569F1AD2A93E3F00011A00D /* Preview Assets.xcassets in Resources */ = {isa = PBXBuildFile; fileRef = C569F1AC2A93E3F00011A00D /* Preview Assets.xcassets */; };
		C569F1B42A94006F0011A00D /* DetailView.swift in Sources */ = {isa = PBXBuildFile; fileRef = C569F1B32A94006F0011A00D /* DetailView.swift */; };
		C569F1B62A9443930011A00D /* FolderView.swift in Sources */ = {isa = PBXBuildFile; fileRef = C569F1B52A9443930011A00D /* FolderView.swift */; };
		C569F1B82A9687980011A00D /* TabBarView.swift in Sources */ = {isa = PBXBuildFile; fileRef = C569F1B72A9687980011A00D /* TabBarView.swift */; };
		C569F1BB2A968BB30011A00D /* CoreDataAndAPI.xcdatamodeld in Sources */ = {isa = PBXBuildFile; fileRef = C569F1B92A968BB30011A00D /* CoreDataAndAPI.xcdatamodeld */; };
		C92253AB2A9D20AA00DAAA18 /* LoginViewModel.swift in Sources */ = {isa = PBXBuildFile; fileRef = C92253AA2A9D20AA00DAAA18 /* LoginViewModel.swift */; };
		C9F180692A991F3B003A2438 /* PostAppView.swift in Sources */ = {isa = PBXBuildFile; fileRef = C9F180682A991F3B003A2438 /* PostAppView.swift */; };
		C9F1806C2A99247A003A2438 /* Alamofire in Frameworks */ = {isa = PBXBuildFile; productRef = C9F1806B2A99247A003A2438 /* Alamofire */; };
		C9F1806F2A9BFC59003A2438 /* LoginView.swift in Sources */ = {isa = PBXBuildFile; fileRef = C9F1806E2A9BFC59003A2438 /* LoginView.swift */; };
		C9F180722A9C3C98003A2438 /* UserInfoView.swift in Sources */ = {isa = PBXBuildFile; fileRef = C9F180712A9C3C98003A2438 /* UserInfoView.swift */; };
		C9F180742A9C3D13003A2438 /* SignInWithApple.swift in Sources */ = {isa = PBXBuildFile; fileRef = C9F180732A9C3D13003A2438 /* SignInWithApple.swift */; };
/* End PBXBuildFile section */

/* Begin PBXFileReference section */
		2F934F942A94DD11007B7E2F /* AppsView.swift */ = {isa = PBXFileReference; lastKnownFileType = sourcecode.swift; path = AppsView.swift; sourceTree = "<group>"; };
		2F934F962A94DD22007B7E2F /* NewFolderModal.swift */ = {isa = PBXFileReference; lastKnownFileType = sourcecode.swift; path = NewFolderModal.swift; sourceTree = "<group>"; };
		2F934F982A94DD31007B7E2F /* AppsModal.swift */ = {isa = PBXFileReference; lastKnownFileType = sourcecode.swift; path = AppsModal.swift; sourceTree = "<group>"; };
		2F934F9A2A94DFB3007B7E2F /* DataController.swift */ = {isa = PBXFileReference; lastKnownFileType = sourcecode.swift; path = DataController.swift; sourceTree = "<group>"; };
		2FB62E842A976A0A0086CF12 /* ProjectModel.swift */ = {isa = PBXFileReference; lastKnownFileType = sourcecode.swift; path = ProjectModel.swift; sourceTree = "<group>"; };
		2FB62E862A976A680086CF12 /* ProjectViewModel.swift */ = {isa = PBXFileReference; lastKnownFileType = sourcecode.swift; path = ProjectViewModel.swift; sourceTree = "<group>"; };
		2FB62E882A976FE30086CF12 /* ProjectDetailView.swift */ = {isa = PBXFileReference; lastKnownFileType = sourcecode.swift; path = ProjectDetailView.swift; sourceTree = "<group>"; };
		C569F1A22A93E3EF0011A00D /* CoreDataAndAPI.app */ = {isa = PBXFileReference; explicitFileType = wrapper.application; includeInIndex = 0; path = CoreDataAndAPI.app; sourceTree = BUILT_PRODUCTS_DIR; };
		C569F1A52A93E3EF0011A00D /* CoreDataAndAPIApp.swift */ = {isa = PBXFileReference; lastKnownFileType = sourcecode.swift; path = CoreDataAndAPIApp.swift; sourceTree = "<group>"; };
		C569F1A72A93E3EF0011A00D /* ContentView.swift */ = {isa = PBXFileReference; lastKnownFileType = sourcecode.swift; path = ContentView.swift; sourceTree = "<group>"; };
		C569F1A92A93E3F00011A00D /* Assets.xcassets */ = {isa = PBXFileReference; lastKnownFileType = folder.assetcatalog; path = Assets.xcassets; sourceTree = "<group>"; };
		C569F1AC2A93E3F00011A00D /* Preview Assets.xcassets */ = {isa = PBXFileReference; lastKnownFileType = folder.assetcatalog; path = "Preview Assets.xcassets"; sourceTree = "<group>"; };
		C569F1B32A94006F0011A00D /* DetailView.swift */ = {isa = PBXFileReference; lastKnownFileType = sourcecode.swift; path = DetailView.swift; sourceTree = "<group>"; };
		C569F1B52A9443930011A00D /* FolderView.swift */ = {isa = PBXFileReference; lastKnownFileType = sourcecode.swift; path = FolderView.swift; sourceTree = "<group>"; };
		C569F1B72A9687980011A00D /* TabBarView.swift */ = {isa = PBXFileReference; lastKnownFileType = sourcecode.swift; path = TabBarView.swift; sourceTree = "<group>"; };
		C569F1BA2A968BB30011A00D /* CoreDataAndAPI.xcdatamodel */ = {isa = PBXFileReference; lastKnownFileType = wrapper.xcdatamodel; path = CoreDataAndAPI.xcdatamodel; sourceTree = "<group>"; };
		C92253AA2A9D20AA00DAAA18 /* LoginViewModel.swift */ = {isa = PBXFileReference; lastKnownFileType = sourcecode.swift; path = LoginViewModel.swift; sourceTree = "<group>"; };
		C9F180682A991F3B003A2438 /* PostAppView.swift */ = {isa = PBXFileReference; lastKnownFileType = sourcecode.swift; path = PostAppView.swift; sourceTree = "<group>"; };
		C9F1806D2A9BF7A8003A2438 /* CoreDataAndAPI.entitlements */ = {isa = PBXFileReference; lastKnownFileType = text.plist.entitlements; path = CoreDataAndAPI.entitlements; sourceTree = "<group>"; };
		C9F1806E2A9BFC59003A2438 /* LoginView.swift */ = {isa = PBXFileReference; lastKnownFileType = sourcecode.swift; path = LoginView.swift; sourceTree = "<group>"; };
		C9F180712A9C3C98003A2438 /* UserInfoView.swift */ = {isa = PBXFileReference; lastKnownFileType = sourcecode.swift; path = UserInfoView.swift; sourceTree = "<group>"; };
		C9F180732A9C3D13003A2438 /* SignInWithApple.swift */ = {isa = PBXFileReference; lastKnownFileType = sourcecode.swift; path = SignInWithApple.swift; sourceTree = "<group>"; };
/* End PBXFileReference section */

/* Begin PBXFrameworksBuildPhase section */
		C569F19F2A93E3EF0011A00D /* Frameworks */ = {
			isa = PBXFrameworksBuildPhase;
			buildActionMask = 2147483647;
			files = (
				C9F1806C2A99247A003A2438 /* Alamofire in Frameworks */,
			);
			runOnlyForDeploymentPostprocessing = 0;
		};
/* End PBXFrameworksBuildPhase section */

/* Begin PBXGroup section */
		C569F1992A93E3EF0011A00D = {
			isa = PBXGroup;
			children = (
				C569F1A42A93E3EF0011A00D /* CoreDataAndAPI */,
				C569F1A32A93E3EF0011A00D /* Products */,
			);
			sourceTree = "<group>";
		};
		C569F1A32A93E3EF0011A00D /* Products */ = {
			isa = PBXGroup;
			children = (
				C569F1A22A93E3EF0011A00D /* CoreDataAndAPI.app */,
			);
			name = Products;
			sourceTree = "<group>";
		};
		C569F1A42A93E3EF0011A00D /* CoreDataAndAPI */ = {
			isa = PBXGroup;
			children = (
				C9F1806D2A9BF7A8003A2438 /* CoreDataAndAPI.entitlements */,
				C569F1A52A93E3EF0011A00D /* CoreDataAndAPIApp.swift */,
				C569F1B72A9687980011A00D /* TabBarView.swift */,
				C569F1A72A93E3EF0011A00D /* ContentView.swift */,
				2F934F962A94DD22007B7E2F /* NewFolderModal.swift */,
				C569F1B52A9443930011A00D /* FolderView.swift */,
				2FB62E882A976FE30086CF12 /* ProjectDetailView.swift */,
				2F934F942A94DD11007B7E2F /* AppsView.swift */,
				2F934F982A94DD31007B7E2F /* AppsModal.swift */,
				C569F1B32A94006F0011A00D /* DetailView.swift */,
				2FB62E842A976A0A0086CF12 /* ProjectModel.swift */,
				2FB62E862A976A680086CF12 /* ProjectViewModel.swift */,
				2F934F9A2A94DFB3007B7E2F /* DataController.swift */,
				C569F1B92A968BB30011A00D /* CoreDataAndAPI.xcdatamodeld */,
				C569F1A92A93E3F00011A00D /* Assets.xcassets */,
				C569F1AB2A93E3F00011A00D /* Preview Content */,
				C9F180682A991F3B003A2438 /* PostAppView.swift */,
				C9F180702A9C3C74003A2438 /* Login */,
			);
			path = CoreDataAndAPI;
			sourceTree = "<group>";
		};
		C569F1AB2A93E3F00011A00D /* Preview Content */ = {
			isa = PBXGroup;
			children = (
				C569F1AC2A93E3F00011A00D /* Preview Assets.xcassets */,
			);
			path = "Preview Content";
			sourceTree = "<group>";
		};
		C9F180702A9C3C74003A2438 /* Login */ = {
			isa = PBXGroup;
			children = (
				C9F1806E2A9BFC59003A2438 /* LoginView.swift */,
				C9F180712A9C3C98003A2438 /* UserInfoView.swift */,
				C9F180732A9C3D13003A2438 /* SignInWithApple.swift */,
				C92253AA2A9D20AA00DAAA18 /* LoginViewModel.swift */,
			);
			path = Login;
			sourceTree = "<group>";
		};
/* End PBXGroup section */

/* Begin PBXNativeTarget section */
		C569F1A12A93E3EF0011A00D /* CoreDataAndAPI */ = {
			isa = PBXNativeTarget;
			buildConfigurationList = C569F1B02A93E3F00011A00D /* Build configuration list for PBXNativeTarget "CoreDataAndAPI" */;
			buildPhases = (
				C569F19E2A93E3EF0011A00D /* Sources */,
				C569F19F2A93E3EF0011A00D /* Frameworks */,
				C569F1A02A93E3EF0011A00D /* Resources */,
			);
			buildRules = (
			);
			dependencies = (
			);
			name = CoreDataAndAPI;
			packageProductDependencies = (
				C9F1806B2A99247A003A2438 /* Alamofire */,
			);
			productName = CoreDataAndAPI;
			productReference = C569F1A22A93E3EF0011A00D /* CoreDataAndAPI.app */;
			productType = "com.apple.product-type.application";
		};
/* End PBXNativeTarget section */

/* Begin PBXProject section */
		C569F19A2A93E3EF0011A00D /* Project object */ = {
			isa = PBXProject;
			attributes = {
				BuildIndependentTargetsInParallel = 1;
				LastSwiftUpdateCheck = 1430;
				LastUpgradeCheck = 1430;
				TargetAttributes = {
					C569F1A12A93E3EF0011A00D = {
						CreatedOnToolsVersion = 14.3;
					};
				};
			};
			buildConfigurationList = C569F19D2A93E3EF0011A00D /* Build configuration list for PBXProject "CoreDataAndAPI" */;
			compatibilityVersion = "Xcode 14.0";
			developmentRegion = en;
			hasScannedForEncodings = 0;
			knownRegions = (
				en,
				Base,
			);
			mainGroup = C569F1992A93E3EF0011A00D;
			packageReferences = (
				C9F1806A2A99247A003A2438 /* XCRemoteSwiftPackageReference "Alamofire" */,
			);
			productRefGroup = C569F1A32A93E3EF0011A00D /* Products */;
			projectDirPath = "";
			projectRoot = "";
			targets = (
				C569F1A12A93E3EF0011A00D /* CoreDataAndAPI */,
			);
		};
/* End PBXProject section */

/* Begin PBXResourcesBuildPhase section */
		C569F1A02A93E3EF0011A00D /* Resources */ = {
			isa = PBXResourcesBuildPhase;
			buildActionMask = 2147483647;
			files = (
				C569F1AD2A93E3F00011A00D /* Preview Assets.xcassets in Resources */,
				C569F1AA2A93E3F00011A00D /* Assets.xcassets in Resources */,
			);
			runOnlyForDeploymentPostprocessing = 0;
		};
/* End PBXResourcesBuildPhase section */

/* Begin PBXSourcesBuildPhase section */
		C569F19E2A93E3EF0011A00D /* Sources */ = {
			isa = PBXSourcesBuildPhase;
			buildActionMask = 2147483647;
			files = (
				C569F1A82A93E3EF0011A00D /* ContentView.swift in Sources */,
				C569F1B82A9687980011A00D /* TabBarView.swift in Sources */,
				C569F1B42A94006F0011A00D /* DetailView.swift in Sources */,
				C9F1806F2A9BFC59003A2438 /* LoginView.swift in Sources */,
				C569F1B62A9443930011A00D /* FolderView.swift in Sources */,
				C9F180692A991F3B003A2438 /* PostAppView.swift in Sources */,
				2F934F952A94DD11007B7E2F /* AppsView.swift in Sources */,
				2FB62E852A976A0A0086CF12 /* ProjectModel.swift in Sources */,
				C92253AB2A9D20AA00DAAA18 /* LoginViewModel.swift in Sources */,
				C9F180742A9C3D13003A2438 /* SignInWithApple.swift in Sources */,
				2F934F992A94DD31007B7E2F /* AppsModal.swift in Sources */,
				2FB62E872A976A680086CF12 /* ProjectViewModel.swift in Sources */,
				2F934F9B2A94DFB3007B7E2F /* DataController.swift in Sources */,
				C569F1BB2A968BB30011A00D /* CoreDataAndAPI.xcdatamodeld in Sources */,
				C9F180722A9C3C98003A2438 /* UserInfoView.swift in Sources */,
				2F934F972A94DD22007B7E2F /* NewFolderModal.swift in Sources */,
				C569F1A62A93E3EF0011A00D /* CoreDataAndAPIApp.swift in Sources */,
				2FB62E892A976FE30086CF12 /* ProjectDetailView.swift in Sources */,
			);
			runOnlyForDeploymentPostprocessing = 0;
		};
/* End PBXSourcesBuildPhase section */

/* Begin XCBuildConfiguration section */
		C569F1AE2A93E3F00011A00D /* Debug */ = {
			isa = XCBuildConfiguration;
			buildSettings = {
				ALWAYS_SEARCH_USER_PATHS = NO;
				CLANG_ANALYZER_NONNULL = YES;
				CLANG_ANALYZER_NUMBER_OBJECT_CONVERSION = YES_AGGRESSIVE;
				CLANG_CXX_LANGUAGE_STANDARD = "gnu++20";
				CLANG_ENABLE_MODULES = YES;
				CLANG_ENABLE_OBJC_ARC = YES;
				CLANG_ENABLE_OBJC_WEAK = YES;
				CLANG_WARN_BLOCK_CAPTURE_AUTORELEASING = YES;
				CLANG_WARN_BOOL_CONVERSION = YES;
				CLANG_WARN_COMMA = YES;
				CLANG_WARN_CONSTANT_CONVERSION = YES;
				CLANG_WARN_DEPRECATED_OBJC_IMPLEMENTATIONS = YES;
				CLANG_WARN_DIRECT_OBJC_ISA_USAGE = YES_ERROR;
				CLANG_WARN_DOCUMENTATION_COMMENTS = YES;
				CLANG_WARN_EMPTY_BODY = YES;
				CLANG_WARN_ENUM_CONVERSION = YES;
				CLANG_WARN_INFINITE_RECURSION = YES;
				CLANG_WARN_INT_CONVERSION = YES;
				CLANG_WARN_NON_LITERAL_NULL_CONVERSION = YES;
				CLANG_WARN_OBJC_IMPLICIT_RETAIN_SELF = YES;
				CLANG_WARN_OBJC_LITERAL_CONVERSION = YES;
				CLANG_WARN_OBJC_ROOT_CLASS = YES_ERROR;
				CLANG_WARN_QUOTED_INCLUDE_IN_FRAMEWORK_HEADER = YES;
				CLANG_WARN_RANGE_LOOP_ANALYSIS = YES;
				CLANG_WARN_STRICT_PROTOTYPES = YES;
				CLANG_WARN_SUSPICIOUS_MOVE = YES;
				CLANG_WARN_UNGUARDED_AVAILABILITY = YES_AGGRESSIVE;
				CLANG_WARN_UNREACHABLE_CODE = YES;
				CLANG_WARN__DUPLICATE_METHOD_MATCH = YES;
				COPY_PHASE_STRIP = NO;
				DEBUG_INFORMATION_FORMAT = dwarf;
				ENABLE_STRICT_OBJC_MSGSEND = YES;
				ENABLE_TESTABILITY = YES;
				GCC_C_LANGUAGE_STANDARD = gnu11;
				GCC_DYNAMIC_NO_PIC = NO;
				GCC_NO_COMMON_BLOCKS = YES;
				GCC_OPTIMIZATION_LEVEL = 0;
				GCC_PREPROCESSOR_DEFINITIONS = (
					"DEBUG=1",
					"$(inherited)",
				);
				GCC_WARN_64_TO_32_BIT_CONVERSION = YES;
				GCC_WARN_ABOUT_RETURN_TYPE = YES_ERROR;
				GCC_WARN_UNDECLARED_SELECTOR = YES;
				GCC_WARN_UNINITIALIZED_AUTOS = YES_AGGRESSIVE;
				GCC_WARN_UNUSED_FUNCTION = YES;
				GCC_WARN_UNUSED_VARIABLE = YES;
				IPHONEOS_DEPLOYMENT_TARGET = 16.4;
				MTL_ENABLE_DEBUG_INFO = INCLUDE_SOURCE;
				MTL_FAST_MATH = YES;
				ONLY_ACTIVE_ARCH = YES;
				SDKROOT = iphoneos;
				SWIFT_ACTIVE_COMPILATION_CONDITIONS = DEBUG;
				SWIFT_OPTIMIZATION_LEVEL = "-Onone";
			};
			name = Debug;
		};
		C569F1AF2A93E3F00011A00D /* Release */ = {
			isa = XCBuildConfiguration;
			buildSettings = {
				ALWAYS_SEARCH_USER_PATHS = NO;
				CLANG_ANALYZER_NONNULL = YES;
				CLANG_ANALYZER_NUMBER_OBJECT_CONVERSION = YES_AGGRESSIVE;
				CLANG_CXX_LANGUAGE_STANDARD = "gnu++20";
				CLANG_ENABLE_MODULES = YES;
				CLANG_ENABLE_OBJC_ARC = YES;
				CLANG_ENABLE_OBJC_WEAK = YES;
				CLANG_WARN_BLOCK_CAPTURE_AUTORELEASING = YES;
				CLANG_WARN_BOOL_CONVERSION = YES;
				CLANG_WARN_COMMA = YES;
				CLANG_WARN_CONSTANT_CONVERSION = YES;
				CLANG_WARN_DEPRECATED_OBJC_IMPLEMENTATIONS = YES;
				CLANG_WARN_DIRECT_OBJC_ISA_USAGE = YES_ERROR;
				CLANG_WARN_DOCUMENTATION_COMMENTS = YES;
				CLANG_WARN_EMPTY_BODY = YES;
				CLANG_WARN_ENUM_CONVERSION = YES;
				CLANG_WARN_INFINITE_RECURSION = YES;
				CLANG_WARN_INT_CONVERSION = YES;
				CLANG_WARN_NON_LITERAL_NULL_CONVERSION = YES;
				CLANG_WARN_OBJC_IMPLICIT_RETAIN_SELF = YES;
				CLANG_WARN_OBJC_LITERAL_CONVERSION = YES;
				CLANG_WARN_OBJC_ROOT_CLASS = YES_ERROR;
				CLANG_WARN_QUOTED_INCLUDE_IN_FRAMEWORK_HEADER = YES;
				CLANG_WARN_RANGE_LOOP_ANALYSIS = YES;
				CLANG_WARN_STRICT_PROTOTYPES = YES;
				CLANG_WARN_SUSPICIOUS_MOVE = YES;
				CLANG_WARN_UNGUARDED_AVAILABILITY = YES_AGGRESSIVE;
				CLANG_WARN_UNREACHABLE_CODE = YES;
				CLANG_WARN__DUPLICATE_METHOD_MATCH = YES;
				COPY_PHASE_STRIP = NO;
				DEBUG_INFORMATION_FORMAT = "dwarf-with-dsym";
				ENABLE_NS_ASSERTIONS = NO;
				ENABLE_STRICT_OBJC_MSGSEND = YES;
				GCC_C_LANGUAGE_STANDARD = gnu11;
				GCC_NO_COMMON_BLOCKS = YES;
				GCC_WARN_64_TO_32_BIT_CONVERSION = YES;
				GCC_WARN_ABOUT_RETURN_TYPE = YES_ERROR;
				GCC_WARN_UNDECLARED_SELECTOR = YES;
				GCC_WARN_UNINITIALIZED_AUTOS = YES_AGGRESSIVE;
				GCC_WARN_UNUSED_FUNCTION = YES;
				GCC_WARN_UNUSED_VARIABLE = YES;
				IPHONEOS_DEPLOYMENT_TARGET = 16.4;
				MTL_ENABLE_DEBUG_INFO = NO;
				MTL_FAST_MATH = YES;
				SDKROOT = iphoneos;
				SWIFT_COMPILATION_MODE = wholemodule;
				SWIFT_OPTIMIZATION_LEVEL = "-O";
				VALIDATE_PRODUCT = YES;
			};
			name = Release;
		};
		C569F1B12A93E3F00011A00D /* Debug */ = {
			isa = XCBuildConfiguration;
			buildSettings = {
				ASSETCATALOG_COMPILER_APPICON_NAME = AppIcon;
				ASSETCATALOG_COMPILER_GLOBAL_ACCENT_COLOR_NAME = AccentColor;
				CODE_SIGN_ENTITLEMENTS = CoreDataAndAPI/CoreDataAndAPI.entitlements;
				CODE_SIGN_STYLE = Automatic;
				CURRENT_PROJECT_VERSION = 1;
				DEVELOPMENT_ASSET_PATHS = "\"CoreDataAndAPI/Preview Content\"";
				DEVELOPMENT_TEAM = 4VHUF9729L;
				ENABLE_PREVIEWS = YES;
				GENERATE_INFOPLIST_FILE = YES;
				INFOPLIST_KEY_UIApplicationSceneManifest_Generation = YES;
				INFOPLIST_KEY_UIApplicationSupportsIndirectInputEvents = YES;
				INFOPLIST_KEY_UILaunchScreen_Generation = YES;
				INFOPLIST_KEY_UISupportedInterfaceOrientations_iPad = "UIInterfaceOrientationPortrait UIInterfaceOrientationPortraitUpsideDown UIInterfaceOrientationLandscapeLeft UIInterfaceOrientationLandscapeRight";
				INFOPLIST_KEY_UISupportedInterfaceOrientations_iPhone = "UIInterfaceOrientationPortrait UIInterfaceOrientationLandscapeLeft UIInterfaceOrientationLandscapeRight";
				LD_RUNPATH_SEARCH_PATHS = (
					"$(inherited)",
					"@executable_path/Frameworks",
				);
				MARKETING_VERSION = 1.0;
				PRODUCT_BUNDLE_IDENTIFIER = Mirelle.CoreDataAndAPI;
				PRODUCT_NAME = "$(TARGET_NAME)";
				SWIFT_EMIT_LOC_STRINGS = YES;
				SWIFT_VERSION = 5.0;
				TARGETED_DEVICE_FAMILY = "1,2";
			};
			name = Debug;
		};
		C569F1B22A93E3F00011A00D /* Release */ = {
			isa = XCBuildConfiguration;
			buildSettings = {
				ASSETCATALOG_COMPILER_APPICON_NAME = AppIcon;
				ASSETCATALOG_COMPILER_GLOBAL_ACCENT_COLOR_NAME = AccentColor;
				CODE_SIGN_ENTITLEMENTS = CoreDataAndAPI/CoreDataAndAPI.entitlements;
				CODE_SIGN_STYLE = Automatic;
				CURRENT_PROJECT_VERSION = 1;
				DEVELOPMENT_ASSET_PATHS = "\"CoreDataAndAPI/Preview Content\"";
				DEVELOPMENT_TEAM = 4VHUF9729L;
				ENABLE_PREVIEWS = YES;
				GENERATE_INFOPLIST_FILE = YES;
				INFOPLIST_KEY_UIApplicationSceneManifest_Generation = YES;
				INFOPLIST_KEY_UIApplicationSupportsIndirectInputEvents = YES;
				INFOPLIST_KEY_UILaunchScreen_Generation = YES;
				INFOPLIST_KEY_UISupportedInterfaceOrientations_iPad = "UIInterfaceOrientationPortrait UIInterfaceOrientationPortraitUpsideDown UIInterfaceOrientationLandscapeLeft UIInterfaceOrientationLandscapeRight";
				INFOPLIST_KEY_UISupportedInterfaceOrientations_iPhone = "UIInterfaceOrientationPortrait UIInterfaceOrientationLandscapeLeft UIInterfaceOrientationLandscapeRight";
				LD_RUNPATH_SEARCH_PATHS = (
					"$(inherited)",
					"@executable_path/Frameworks",
				);
				MARKETING_VERSION = 1.0;
				PRODUCT_BUNDLE_IDENTIFIER = Mirelle.CoreDataAndAPI;
				PRODUCT_NAME = "$(TARGET_NAME)";
				SWIFT_EMIT_LOC_STRINGS = YES;
				SWIFT_VERSION = 5.0;
				TARGETED_DEVICE_FAMILY = "1,2";
			};
			name = Release;
		};
/* End XCBuildConfiguration section */

/* Begin XCConfigurationList section */
		C569F19D2A93E3EF0011A00D /* Build configuration list for PBXProject "CoreDataAndAPI" */ = {
			isa = XCConfigurationList;
			buildConfigurations = (
				C569F1AE2A93E3F00011A00D /* Debug */,
				C569F1AF2A93E3F00011A00D /* Release */,
			);
			defaultConfigurationIsVisible = 0;
			defaultConfigurationName = Release;
		};
		C569F1B02A93E3F00011A00D /* Build configuration list for PBXNativeTarget "CoreDataAndAPI" */ = {
			isa = XCConfigurationList;
			buildConfigurations = (
				C569F1B12A93E3F00011A00D /* Debug */,
				C569F1B22A93E3F00011A00D /* Release */,
			);
			defaultConfigurationIsVisible = 0;
			defaultConfigurationName = Release;
		};
/* End XCConfigurationList section */

/* Begin XCRemoteSwiftPackageReference section */
		C9F1806A2A99247A003A2438 /* XCRemoteSwiftPackageReference "Alamofire" */ = {
			isa = XCRemoteSwiftPackageReference;
			repositoryURL = "https://github.com/Alamofire/Alamofire.git";
			requirement = {
				kind = upToNextMajorVersion;
				minimumVersion = 5.0.0;
			};
		};
/* End XCRemoteSwiftPackageReference section */

/* Begin XCSwiftPackageProductDependency section */
		C9F1806B2A99247A003A2438 /* Alamofire */ = {
			isa = XCSwiftPackageProductDependency;
			package = C9F1806A2A99247A003A2438 /* XCRemoteSwiftPackageReference "Alamofire" */;
			productName = Alamofire;
		};
/* End XCSwiftPackageProductDependency section */

/* Begin XCVersionGroup section */
		C569F1B92A968BB30011A00D /* CoreDataAndAPI.xcdatamodeld */ = {
			isa = XCVersionGroup;
			children = (
				C569F1BA2A968BB30011A00D /* CoreDataAndAPI.xcdatamodel */,
			);
			currentVersion = C569F1BA2A968BB30011A00D /* CoreDataAndAPI.xcdatamodel */;
			path = CoreDataAndAPI.xcdatamodeld;
			sourceTree = "<group>";
			versionGroupType = wrapper.xcdatamodel;
		};
/* End XCVersionGroup section */
	};
	rootObject = C569F19A2A93E3EF0011A00D /* Project object */;
}
